// !$*UTF8*$!
{
	archiveVersion = 1;
	classes = {
	};
	objectVersion = 56;
	objects = {

/* Begin PBXBuildFile section */
		FC490A7D2A1B819E00F2A881 /* SkyMoviesApp.swift in Sources */ = {isa = PBXBuildFile; fileRef = FC490A7C2A1B819E00F2A881 /* SkyMoviesApp.swift */; };
		FC490A7F2A1B819E00F2A881 /* SearchMovieView.swift in Sources */ = {isa = PBXBuildFile; fileRef = FC490A7E2A1B819E00F2A881 /* SearchMovieView.swift */; };
		FC490A812A1B819F00F2A881 /* Assets.xcassets in Resources */ = {isa = PBXBuildFile; fileRef = FC490A802A1B819F00F2A881 /* Assets.xcassets */; };
		FC490A842A1B819F00F2A881 /* Preview Assets.xcassets in Resources */ = {isa = PBXBuildFile; fileRef = FC490A832A1B819F00F2A881 /* Preview Assets.xcassets */; };
		FC490A8E2A1B819F00F2A881 /* SkyMoviesTests.swift in Sources */ = {isa = PBXBuildFile; fileRef = FC490A8D2A1B819F00F2A881 /* SkyMoviesTests.swift */; };
		FC490A982A1B819F00F2A881 /* SkyMoviesUITests.swift in Sources */ = {isa = PBXBuildFile; fileRef = FC490A972A1B819F00F2A881 /* SkyMoviesUITests.swift */; };
		FC490A9A2A1B819F00F2A881 /* SkyMoviesUITestsLaunchTests.swift in Sources */ = {isa = PBXBuildFile; fileRef = FC490A992A1B819F00F2A881 /* SkyMoviesUITestsLaunchTests.swift */; };
		FC490AA82A1B82FD00F2A881 /* String+Extensions.swift in Sources */ = {isa = PBXBuildFile; fileRef = FC490AA72A1B82FD00F2A881 /* String+Extensions.swift */; };
		FC490AAB2A1B835300F2A881 /* Movie.swift in Sources */ = {isa = PBXBuildFile; fileRef = FC490AAA2A1B835300F2A881 /* Movie.swift */; };
		FC490AAE2A1B83B300F2A881 /* MovieListViewModel.swift in Sources */ = {isa = PBXBuildFile; fileRef = FC490AAD2A1B83B300F2A881 /* MovieListViewModel.swift */; };
		FC490AB12A1B842100F2A881 /* WebService.swift in Sources */ = {isa = PBXBuildFile; fileRef = FC490AB02A1B842100F2A881 /* WebService.swift */; };
		FC490AB72A1B9E0100F2A881 /* NetworkServiceFactory.swift in Sources */ = {isa = PBXBuildFile; fileRef = FC490AB62A1B9E0100F2A881 /* NetworkServiceFactory.swift */; };
		FC490ABA2A1BA05300F2A881 /* MockWebservice.swift in Sources */ = {isa = PBXBuildFile; fileRef = FC490AB92A1BA05300F2A881 /* MockWebservice.swift */; };
/* End PBXBuildFile section */

/* Begin PBXContainerItemProxy section */
		FC490A8A2A1B819F00F2A881 /* PBXContainerItemProxy */ = {
			isa = PBXContainerItemProxy;
			containerPortal = FC490A712A1B819E00F2A881 /* Project object */;
			proxyType = 1;
			remoteGlobalIDString = FC490A782A1B819E00F2A881;
			remoteInfo = SkyMovies;
		};
		FC490A942A1B819F00F2A881 /* PBXContainerItemProxy */ = {
			isa = PBXContainerItemProxy;
			containerPortal = FC490A712A1B819E00F2A881 /* Project object */;
			proxyType = 1;
			remoteGlobalIDString = FC490A782A1B819E00F2A881;
			remoteInfo = SkyMovies;
		};
/* End PBXContainerItemProxy section */

/* Begin PBXFileReference section */
		FC490A792A1B819E00F2A881 /* SkyMovies.app */ = {isa = PBXFileReference; explicitFileType = wrapper.application; includeInIndex = 0; path = SkyMovies.app; sourceTree = BUILT_PRODUCTS_DIR; };
		FC490A7C2A1B819E00F2A881 /* SkyMoviesApp.swift */ = {isa = PBXFileReference; lastKnownFileType = sourcecode.swift; path = SkyMoviesApp.swift; sourceTree = "<group>"; };
		FC490A7E2A1B819E00F2A881 /* SearchMovieView.swift */ = {isa = PBXFileReference; lastKnownFileType = sourcecode.swift; path = SearchMovieView.swift; sourceTree = "<group>"; };
		FC490A802A1B819F00F2A881 /* Assets.xcassets */ = {isa = PBXFileReference; lastKnownFileType = folder.assetcatalog; path = Assets.xcassets; sourceTree = "<group>"; };
		FC490A832A1B819F00F2A881 /* Preview Assets.xcassets */ = {isa = PBXFileReference; lastKnownFileType = folder.assetcatalog; path = "Preview Assets.xcassets"; sourceTree = "<group>"; };
		FC490A892A1B819F00F2A881 /* SkyMoviesTests.xctest */ = {isa = PBXFileReference; explicitFileType = wrapper.cfbundle; includeInIndex = 0; path = SkyMoviesTests.xctest; sourceTree = BUILT_PRODUCTS_DIR; };
		FC490A8D2A1B819F00F2A881 /* SkyMoviesTests.swift */ = {isa = PBXFileReference; lastKnownFileType = sourcecode.swift; path = SkyMoviesTests.swift; sourceTree = "<group>"; };
		FC490A932A1B819F00F2A881 /* SkyMoviesUITests.xctest */ = {isa = PBXFileReference; explicitFileType = wrapper.cfbundle; includeInIndex = 0; path = SkyMoviesUITests.xctest; sourceTree = BUILT_PRODUCTS_DIR; };
		FC490A972A1B819F00F2A881 /* SkyMoviesUITests.swift */ = {isa = PBXFileReference; lastKnownFileType = sourcecode.swift; path = SkyMoviesUITests.swift; sourceTree = "<group>"; };
		FC490A992A1B819F00F2A881 /* SkyMoviesUITestsLaunchTests.swift */ = {isa = PBXFileReference; lastKnownFileType = sourcecode.swift; path = SkyMoviesUITestsLaunchTests.swift; sourceTree = "<group>"; };
		FC490AA72A1B82FD00F2A881 /* String+Extensions.swift */ = {isa = PBXFileReference; lastKnownFileType = sourcecode.swift; path = "String+Extensions.swift"; sourceTree = "<group>"; };
		FC490AAA2A1B835300F2A881 /* Movie.swift */ = {isa = PBXFileReference; lastKnownFileType = sourcecode.swift; path = Movie.swift; sourceTree = "<group>"; };
		FC490AAD2A1B83B300F2A881 /* MovieListViewModel.swift */ = {isa = PBXFileReference; lastKnownFileType = sourcecode.swift; path = MovieListViewModel.swift; sourceTree = "<group>"; };
		FC490AB02A1B842100F2A881 /* WebService.swift */ = {isa = PBXFileReference; lastKnownFileType = sourcecode.swift; path = WebService.swift; sourceTree = "<group>"; };
		FC490AB42A1B884500F2A881 /* Info.plist */ = {isa = PBXFileReference; lastKnownFileType = text.plist; path = Info.plist; sourceTree = "<group>"; };
		FC490AB62A1B9E0100F2A881 /* NetworkServiceFactory.swift */ = {isa = PBXFileReference; lastKnownFileType = sourcecode.swift; path = NetworkServiceFactory.swift; sourceTree = "<group>"; };
		FC490AB92A1BA05300F2A881 /* MockWebservice.swift */ = {isa = PBXFileReference; lastKnownFileType = sourcecode.swift; path = MockWebservice.swift; sourceTree = "<group>"; };
		FCBD799D2A22AE3B0086C232 /* SkyMovies.xctestplan */ = {isa = PBXFileReference; lastKnownFileType = text; path = SkyMovies.xctestplan; sourceTree = "<group>"; };
/* End PBXFileReference section */

/* Begin PBXFrameworksBuildPhase section */
		FC490A762A1B819E00F2A881 /* Frameworks */ = {
			isa = PBXFrameworksBuildPhase;
			buildActionMask = 2147483647;
			files = (
			);
			runOnlyForDeploymentPostprocessing = 0;
		};
		FC490A862A1B819F00F2A881 /* Frameworks */ = {
			isa = PBXFrameworksBuildPhase;
			buildActionMask = 2147483647;
			files = (
			);
			runOnlyForDeploymentPostprocessing = 0;
		};
		FC490A902A1B819F00F2A881 /* Frameworks */ = {
			isa = PBXFrameworksBuildPhase;
			buildActionMask = 2147483647;
			files = (
			);
			runOnlyForDeploymentPostprocessing = 0;
		};
/* End PBXFrameworksBuildPhase section */

/* Begin PBXGroup section */
		FC490A702A1B819E00F2A881 = {
			isa = PBXGroup;
			children = (
				FCBD799D2A22AE3B0086C232 /* SkyMovies.xctestplan */,
				FC490A7B2A1B819E00F2A881 /* SkyMovies */,
				FC490A8C2A1B819F00F2A881 /* SkyMoviesTests */,
				FC490A962A1B819F00F2A881 /* SkyMoviesUITests */,
				FC490A7A2A1B819E00F2A881 /* Products */,
			);
			sourceTree = "<group>";
		};
		FC490A7A2A1B819E00F2A881 /* Products */ = {
			isa = PBXGroup;
			children = (
				FC490A792A1B819E00F2A881 /* SkyMovies.app */,
				FC490A892A1B819F00F2A881 /* SkyMoviesTests.xctest */,
				FC490A932A1B819F00F2A881 /* SkyMoviesUITests.xctest */,
			);
			name = Products;
			sourceTree = "<group>";
		};
		FC490A7B2A1B819E00F2A881 /* SkyMovies */ = {
			isa = PBXGroup;
			children = (
				FC490AB42A1B884500F2A881 /* Info.plist */,
				FC490A7C2A1B819E00F2A881 /* SkyMoviesApp.swift */,
				FC490A7E2A1B819E00F2A881 /* SearchMovieView.swift */,
				FC490AB82A1BA01C00F2A881 /* Mocks */,
				FC490AB52A1B9DCF00F2A881 /* Factories */,
				FC490AAF2A1B83ED00F2A881 /* ApiServices */,
				FC490AAC2A1B838100F2A881 /* ViewModels */,
				FC490AA92A1B831A00F2A881 /* Models */,
				FC490AA62A1B82AA00F2A881 /* Extensions */,
				FC490A802A1B819F00F2A881 /* Assets.xcassets */,
				FC490A822A1B819F00F2A881 /* Preview Content */,
			);
			path = SkyMovies;
			sourceTree = "<group>";
		};
		FC490A822A1B819F00F2A881 /* Preview Content */ = {
			isa = PBXGroup;
			children = (
				FC490A832A1B819F00F2A881 /* Preview Assets.xcassets */,
			);
			path = "Preview Content";
			sourceTree = "<group>";
		};
		FC490A8C2A1B819F00F2A881 /* SkyMoviesTests */ = {
			isa = PBXGroup;
			children = (
				FC490A8D2A1B819F00F2A881 /* SkyMoviesTests.swift */,
			);
			path = SkyMoviesTests;
			sourceTree = "<group>";
		};
		FC490A962A1B819F00F2A881 /* SkyMoviesUITests */ = {
			isa = PBXGroup;
			children = (
				FC490A972A1B819F00F2A881 /* SkyMoviesUITests.swift */,
				FC490A992A1B819F00F2A881 /* SkyMoviesUITestsLaunchTests.swift */,
			);
			path = SkyMoviesUITests;
			sourceTree = "<group>";
		};
		FC490AA62A1B82AA00F2A881 /* Extensions */ = {
			isa = PBXGroup;
			children = (
				FC490AA72A1B82FD00F2A881 /* String+Extensions.swift */,
			);
			path = Extensions;
			sourceTree = "<group>";
		};
		FC490AA92A1B831A00F2A881 /* Models */ = {
			isa = PBXGroup;
			children = (
				FC490AAA2A1B835300F2A881 /* Movie.swift */,
			);
			path = Models;
			sourceTree = "<group>";
		};
		FC490AAC2A1B838100F2A881 /* ViewModels */ = {
			isa = PBXGroup;
			children = (
				FC490AAD2A1B83B300F2A881 /* MovieListViewModel.swift */,
			);
			path = ViewModels;
			sourceTree = "<group>";
		};
		FC490AAF2A1B83ED00F2A881 /* ApiServices */ = {
			isa = PBXGroup;
			children = (
				FC490AB02A1B842100F2A881 /* WebService.swift */,
			);
			path = ApiServices;
			sourceTree = "<group>";
		};
		FC490AB52A1B9DCF00F2A881 /* Factories */ = {
			isa = PBXGroup;
			children = (
				FC490AB62A1B9E0100F2A881 /* NetworkServiceFactory.swift */,
			);
			path = Factories;
			sourceTree = "<group>";
		};
		FC490AB82A1BA01C00F2A881 /* Mocks */ = {
			isa = PBXGroup;
			children = (
				FC490AB92A1BA05300F2A881 /* MockWebservice.swift */,
			);
			path = Mocks;
			sourceTree = "<group>";
		};
/* End PBXGroup section */

/* Begin PBXNativeTarget section */
		FC490A782A1B819E00F2A881 /* SkyMovies */ = {
			isa = PBXNativeTarget;
			buildConfigurationList = FC490A9D2A1B819F00F2A881 /* Build configuration list for PBXNativeTarget "SkyMovies" */;
			buildPhases = (
				FC490A752A1B819E00F2A881 /* Sources */,
				FC490A762A1B819E00F2A881 /* Frameworks */,
				FC490A772A1B819E00F2A881 /* Resources */,
			);
			buildRules = (
			);
			dependencies = (
				FCDBF0932A23A833004CF893 /* PBXTargetDependency */,
			);
			name = SkyMovies;
			productName = SkyMovies;
			productReference = FC490A792A1B819E00F2A881 /* SkyMovies.app */;
			productType = "com.apple.product-type.application";
		};
		FC490A882A1B819F00F2A881 /* SkyMoviesTests */ = {
			isa = PBXNativeTarget;
			buildConfigurationList = FC490AA02A1B819F00F2A881 /* Build configuration list for PBXNativeTarget "SkyMoviesTests" */;
			buildPhases = (
				FC490A852A1B819F00F2A881 /* Sources */,
				FC490A862A1B819F00F2A881 /* Frameworks */,
				FC490A872A1B819F00F2A881 /* Resources */,
			);
			buildRules = (
			);
			dependencies = (
				FC490A8B2A1B819F00F2A881 /* PBXTargetDependency */,
			);
			name = SkyMoviesTests;
			productName = SkyMoviesTests;
			productReference = FC490A892A1B819F00F2A881 /* SkyMoviesTests.xctest */;
			productType = "com.apple.product-type.bundle.unit-test";
		};
		FC490A922A1B819F00F2A881 /* SkyMoviesUITests */ = {
			isa = PBXNativeTarget;
			buildConfigurationList = FC490AA32A1B819F00F2A881 /* Build configuration list for PBXNativeTarget "SkyMoviesUITests" */;
			buildPhases = (
				FC490A8F2A1B819F00F2A881 /* Sources */,
				FC490A902A1B819F00F2A881 /* Frameworks */,
				FC490A912A1B819F00F2A881 /* Resources */,
			);
			buildRules = (
			);
			dependencies = (
				FC490A952A1B819F00F2A881 /* PBXTargetDependency */,
			);
			name = SkyMoviesUITests;
			productName = SkyMoviesUITests;
			productReference = FC490A932A1B819F00F2A881 /* SkyMoviesUITests.xctest */;
			productType = "com.apple.product-type.bundle.ui-testing";
		};
/* End PBXNativeTarget section */

/* Begin PBXProject section */
		FC490A712A1B819E00F2A881 /* Project object */ = {
			isa = PBXProject;
			attributes = {
				BuildIndependentTargetsInParallel = 1;
				LastSwiftUpdateCheck = 1430;
				LastUpgradeCheck = 1430;
				TargetAttributes = {
					FC490A782A1B819E00F2A881 = {
						CreatedOnToolsVersion = 14.3;
					};
					FC490A882A1B819F00F2A881 = {
						CreatedOnToolsVersion = 14.3;
						TestTargetID = FC490A782A1B819E00F2A881;
					};
					FC490A922A1B819F00F2A881 = {
						CreatedOnToolsVersion = 14.3;
						TestTargetID = FC490A782A1B819E00F2A881;
					};
				};
			};
			buildConfigurationList = FC490A742A1B819E00F2A881 /* Build configuration list for PBXProject "SkyMovies" */;
			compatibilityVersion = "Xcode 14.0";
			developmentRegion = en;
			hasScannedForEncodings = 0;
			knownRegions = (
				en,
				Base,
			);
			mainGroup = FC490A702A1B819E00F2A881;
			packageReferences = (
				FCDBF0912A23A7D6004CF893 /* XCRemoteSwiftPackageReference "SwiftLint" */,
			);
			productRefGroup = FC490A7A2A1B819E00F2A881 /* Products */;
			projectDirPath = "";
			projectRoot = "";
			targets = (
				FC490A782A1B819E00F2A881 /* SkyMovies */,
				FC490A882A1B819F00F2A881 /* SkyMoviesTests */,
				FC490A922A1B819F00F2A881 /* SkyMoviesUITests */,
			);
		};
/* End PBXProject section */

/* Begin PBXResourcesBuildPhase section */
		FC490A772A1B819E00F2A881 /* Resources */ = {
			isa = PBXResourcesBuildPhase;
			buildActionMask = 2147483647;
			files = (
				FC490A842A1B819F00F2A881 /* Preview Assets.xcassets in Resources */,
				FC490A812A1B819F00F2A881 /* Assets.xcassets in Resources */,
			);
			runOnlyForDeploymentPostprocessing = 0;
		};
		FC490A872A1B819F00F2A881 /* Resources */ = {
			isa = PBXResourcesBuildPhase;
			buildActionMask = 2147483647;
			files = (
			);
			runOnlyForDeploymentPostprocessing = 0;
		};
		FC490A912A1B819F00F2A881 /* Resources */ = {
			isa = PBXResourcesBuildPhase;
			buildActionMask = 2147483647;
			files = (
			);
			runOnlyForDeploymentPostprocessing = 0;
		};
/* End PBXResourcesBuildPhase section */

/* Begin PBXSourcesBuildPhase section */
		FC490A752A1B819E00F2A881 /* Sources */ = {
			isa = PBXSourcesBuildPhase;
			buildActionMask = 2147483647;
			files = (
				FC490ABA2A1BA05300F2A881 /* MockWebservice.swift in Sources */,
				FC490AB12A1B842100F2A881 /* WebService.swift in Sources */,
				FC490A7F2A1B819E00F2A881 /* SearchMovieView.swift in Sources */,
				FC490AA82A1B82FD00F2A881 /* String+Extensions.swift in Sources */,
				FC490AAB2A1B835300F2A881 /* Movie.swift in Sources */,
				FC490AB72A1B9E0100F2A881 /* NetworkServiceFactory.swift in Sources */,
				FC490A7D2A1B819E00F2A881 /* SkyMoviesApp.swift in Sources */,
				FC490AAE2A1B83B300F2A881 /* MovieListViewModel.swift in Sources */,
			);
			runOnlyForDeploymentPostprocessing = 0;
		};
		FC490A852A1B819F00F2A881 /* Sources */ = {
			isa = PBXSourcesBuildPhase;
			buildActionMask = 2147483647;
			files = (
				FC490A8E2A1B819F00F2A881 /* SkyMoviesTests.swift in Sources */,
			);
			runOnlyForDeploymentPostprocessing = 0;
		};
		FC490A8F2A1B819F00F2A881 /* Sources */ = {
			isa = PBXSourcesBuildPhase;
			buildActionMask = 2147483647;
			files = (
				FC490A982A1B819F00F2A881 /* SkyMoviesUITests.swift in Sources */,
				FC490A9A2A1B819F00F2A881 /* SkyMoviesUITestsLaunchTests.swift in Sources */,
			);
			runOnlyForDeploymentPostprocessing = 0;
		};
/* End PBXSourcesBuildPhase section */

/* Begin PBXTargetDependency section */
		FC490A8B2A1B819F00F2A881 /* PBXTargetDependency */ = {
			isa = PBXTargetDependency;
			target = FC490A782A1B819E00F2A881 /* SkyMovies */;
			targetProxy = FC490A8A2A1B819F00F2A881 /* PBXContainerItemProxy */;
		};
		FC490A952A1B819F00F2A881 /* PBXTargetDependency */ = {
			isa = PBXTargetDependency;
			target = FC490A782A1B819E00F2A881 /* SkyMovies */;
			targetProxy = FC490A942A1B819F00F2A881 /* PBXContainerItemProxy */;
		};
		FCDBF0932A23A833004CF893 /* PBXTargetDependency */ = {
			isa = PBXTargetDependency;
			productRef = FCDBF0922A23A833004CF893 /* SwiftLintPlugin */;
		};
/* End PBXTargetDependency section */

/* Begin XCBuildConfiguration section */
		FC490A9B2A1B819F00F2A881 /* Debug */ = {
			isa = XCBuildConfiguration;
			buildSettings = {
				ALWAYS_SEARCH_USER_PATHS = NO;
				CLANG_ANALYZER_NONNULL = YES;
				CLANG_ANALYZER_NUMBER_OBJECT_CONVERSION = YES_AGGRESSIVE;
				CLANG_CXX_LANGUAGE_STANDARD = "gnu++20";
				CLANG_ENABLE_MODULES = YES;
				CLANG_ENABLE_OBJC_ARC = YES;
				CLANG_ENABLE_OBJC_WEAK = YES;
				CLANG_WARN_BLOCK_CAPTURE_AUTORELEASING = YES;
				CLANG_WARN_BOOL_CONVERSION = YES;
				CLANG_WARN_COMMA = YES;
				CLANG_WARN_CONSTANT_CONVERSION = YES;
				CLANG_WARN_DEPRECATED_OBJC_IMPLEMENTATIONS = YES;
				CLANG_WARN_DIRECT_OBJC_ISA_USAGE = YES_ERROR;
				CLANG_WARN_DOCUMENTATION_COMMENTS = YES;
				CLANG_WARN_EMPTY_BODY = YES;
				CLANG_WARN_ENUM_CONVERSION = YES;
				CLANG_WARN_INFINITE_RECURSION = YES;
				CLANG_WARN_INT_CONVERSION = YES;
				CLANG_WARN_NON_LITERAL_NULL_CONVERSION = YES;
				CLANG_WARN_OBJC_IMPLICIT_RETAIN_SELF = YES;
				CLANG_WARN_OBJC_LITERAL_CONVERSION = YES;
				CLANG_WARN_OBJC_ROOT_CLASS = YES_ERROR;
				CLANG_WARN_QUOTED_INCLUDE_IN_FRAMEWORK_HEADER = YES;
				CLANG_WARN_RANGE_LOOP_ANALYSIS = YES;
				CLANG_WARN_STRICT_PROTOTYPES = YES;
				CLANG_WARN_SUSPICIOUS_MOVE = YES;
				CLANG_WARN_UNGUARDED_AVAILABILITY = YES_AGGRESSIVE;
				CLANG_WARN_UNREACHABLE_CODE = YES;
				CLANG_WARN__DUPLICATE_METHOD_MATCH = YES;
				COPY_PHASE_STRIP = NO;
				DEBUG_INFORMATION_FORMAT = dwarf;
				ENABLE_STRICT_OBJC_MSGSEND = YES;
				ENABLE_TESTABILITY = YES;
				GCC_C_LANGUAGE_STANDARD = gnu11;
				GCC_DYNAMIC_NO_PIC = NO;
				GCC_NO_COMMON_BLOCKS = YES;
				GCC_OPTIMIZATION_LEVEL = 0;
				GCC_PREPROCESSOR_DEFINITIONS = (
					"DEBUG=1",
					"$(inherited)",
				);
				GCC_WARN_64_TO_32_BIT_CONVERSION = YES;
				GCC_WARN_ABOUT_RETURN_TYPE = YES_ERROR;
				GCC_WARN_UNDECLARED_SELECTOR = YES;
				GCC_WARN_UNINITIALIZED_AUTOS = YES_AGGRESSIVE;
				GCC_WARN_UNUSED_FUNCTION = YES;
				GCC_WARN_UNUSED_VARIABLE = YES;
				IPHONEOS_DEPLOYMENT_TARGET = 16.4;
				MTL_ENABLE_DEBUG_INFO = INCLUDE_SOURCE;
				MTL_FAST_MATH = YES;
				ONLY_ACTIVE_ARCH = YES;
				SDKROOT = iphoneos;
				SWIFT_ACTIVE_COMPILATION_CONDITIONS = DEBUG;
				SWIFT_OPTIMIZATION_LEVEL = "-Onone";
			};
			name = Debug;
		};
		FC490A9C2A1B819F00F2A881 /* Release */ = {
			isa = XCBuildConfiguration;
			buildSettings = {
				ALWAYS_SEARCH_USER_PATHS = NO;
				CLANG_ANALYZER_NONNULL = YES;
				CLANG_ANALYZER_NUMBER_OBJECT_CONVERSION = YES_AGGRESSIVE;
				CLANG_CXX_LANGUAGE_STANDARD = "gnu++20";
				CLANG_ENABLE_MODULES = YES;
				CLANG_ENABLE_OBJC_ARC = YES;
				CLANG_ENABLE_OBJC_WEAK = YES;
				CLANG_WARN_BLOCK_CAPTURE_AUTORELEASING = YES;
				CLANG_WARN_BOOL_CONVERSION = YES;
				CLANG_WARN_COMMA = YES;
				CLANG_WARN_CONSTANT_CONVERSION = YES;
				CLANG_WARN_DEPRECATED_OBJC_IMPLEMENTATIONS = YES;
				CLANG_WARN_DIRECT_OBJC_ISA_USAGE = YES_ERROR;
				CLANG_WARN_DOCUMENTATION_COMMENTS = YES;
				CLANG_WARN_EMPTY_BODY = YES;
				CLANG_WARN_ENUM_CONVERSION = YES;
				CLANG_WARN_INFINITE_RECURSION = YES;
				CLANG_WARN_INT_CONVERSION = YES;
				CLANG_WARN_NON_LITERAL_NULL_CONVERSION = YES;
				CLANG_WARN_OBJC_IMPLICIT_RETAIN_SELF = YES;
				CLANG_WARN_OBJC_LITERAL_CONVERSION = YES;
				CLANG_WARN_OBJC_ROOT_CLASS = YES_ERROR;
				CLANG_WARN_QUOTED_INCLUDE_IN_FRAMEWORK_HEADER = YES;
				CLANG_WARN_RANGE_LOOP_ANALYSIS = YES;
				CLANG_WARN_STRICT_PROTOTYPES = YES;
				CLANG_WARN_SUSPICIOUS_MOVE = YES;
				CLANG_WARN_UNGUARDED_AVAILABILITY = YES_AGGRESSIVE;
				CLANG_WARN_UNREACHABLE_CODE = YES;
				CLANG_WARN__DUPLICATE_METHOD_MATCH = YES;
				COPY_PHASE_STRIP = NO;
				DEBUG_INFORMATION_FORMAT = "dwarf-with-dsym";
				ENABLE_NS_ASSERTIONS = NO;
				ENABLE_STRICT_OBJC_MSGSEND = YES;
				GCC_C_LANGUAGE_STANDARD = gnu11;
				GCC_NO_COMMON_BLOCKS = YES;
				GCC_WARN_64_TO_32_BIT_CONVERSION = YES;
				GCC_WARN_ABOUT_RETURN_TYPE = YES_ERROR;
				GCC_WARN_UNDECLARED_SELECTOR = YES;
				GCC_WARN_UNINITIALIZED_AUTOS = YES_AGGRESSIVE;
				GCC_WARN_UNUSED_FUNCTION = YES;
				GCC_WARN_UNUSED_VARIABLE = YES;
				IPHONEOS_DEPLOYMENT_TARGET = 16.4;
				MTL_ENABLE_DEBUG_INFO = NO;
				MTL_FAST_MATH = YES;
				SDKROOT = iphoneos;
				SWIFT_COMPILATION_MODE = wholemodule;
				SWIFT_OPTIMIZATION_LEVEL = "-O";
				VALIDATE_PRODUCT = YES;
			};
			name = Release;
		};
		FC490A9E2A1B819F00F2A881 /* Debug */ = {
			isa = XCBuildConfiguration;
			buildSettings = {
				ASSETCATALOG_COMPILER_APPICON_NAME = AppIcon;
				ASSETCATALOG_COMPILER_GLOBAL_ACCENT_COLOR_NAME = AccentColor;
				CODE_SIGN_STYLE = Automatic;
				CURRENT_PROJECT_VERSION = 1;
				DEVELOPMENT_ASSET_PATHS = "\"SkyMovies/Preview Content\"";
				DEVELOPMENT_TEAM = SAZ5K2949S;
				ENABLE_PREVIEWS = YES;
				GENERATE_INFOPLIST_FILE = YES;
				INFOPLIST_FILE = SkyMovies/Info.plist;
				INFOPLIST_KEY_UIApplicationSceneManifest_Generation = YES;
				INFOPLIST_KEY_UIApplicationSupportsIndirectInputEvents = YES;
				INFOPLIST_KEY_UILaunchScreen_Generation = YES;
				INFOPLIST_KEY_UISupportedInterfaceOrientations_iPad = "UIInterfaceOrientationPortrait UIInterfaceOrientationPortraitUpsideDown UIInterfaceOrientationLandscapeLeft UIInterfaceOrientationLandscapeRight";
				INFOPLIST_KEY_UISupportedInterfaceOrientations_iPhone = "UIInterfaceOrientationPortrait UIInterfaceOrientationLandscapeLeft UIInterfaceOrientationLandscapeRight";
				LD_RUNPATH_SEARCH_PATHS = (
					"$(inherited)",
					"@executable_path/Frameworks",
				);
				MARKETING_VERSION = 1.0;
				PRODUCT_BUNDLE_IDENTIFIER = com.ladtechnologies.SkyMovies;
				PRODUCT_NAME = "$(TARGET_NAME)";
				SWIFT_EMIT_LOC_STRINGS = YES;
				SWIFT_VERSION = 5.0;
				TARGETED_DEVICE_FAMILY = "1,2";
			};
			name = Debug;
		};
		FC490A9F2A1B819F00F2A881 /* Release */ = {
			isa = XCBuildConfiguration;
			buildSettings = {
				ASSETCATALOG_COMPILER_APPICON_NAME = AppIcon;
				ASSETCATALOG_COMPILER_GLOBAL_ACCENT_COLOR_NAME = AccentColor;
				CODE_SIGN_STYLE = Automatic;
				CURRENT_PROJECT_VERSION = 1;
				DEVELOPMENT_ASSET_PATHS = "\"SkyMovies/Preview Content\"";
				DEVELOPMENT_TEAM = SAZ5K2949S;
				ENABLE_PREVIEWS = YES;
				GENERATE_INFOPLIST_FILE = YES;
				INFOPLIST_FILE = SkyMovies/Info.plist;
				INFOPLIST_KEY_UIApplicationSceneManifest_Generation = YES;
				INFOPLIST_KEY_UIApplicationSupportsIndirectInputEvents = YES;
				INFOPLIST_KEY_UILaunchScreen_Generation = YES;
				INFOPLIST_KEY_UISupportedInterfaceOrientations_iPad = "UIInterfaceOrientationPortrait UIInterfaceOrientationPortraitUpsideDown UIInterfaceOrientationLandscapeLeft UIInterfaceOrientationLandscapeRight";
				INFOPLIST_KEY_UISupportedInterfaceOrientations_iPhone = "UIInterfaceOrientationPortrait UIInterfaceOrientationLandscapeLeft UIInterfaceOrientationLandscapeRight";
				LD_RUNPATH_SEARCH_PATHS = (
					"$(inherited)",
					"@executable_path/Frameworks",
				);
				MARKETING_VERSION = 1.0;
				PRODUCT_BUNDLE_IDENTIFIER = com.ladtechnologies.SkyMovies;
				PRODUCT_NAME = "$(TARGET_NAME)";
				SWIFT_EMIT_LOC_STRINGS = YES;
				SWIFT_VERSION = 5.0;
				TARGETED_DEVICE_FAMILY = "1,2";
			};
			name = Release;
		};
		FC490AA12A1B819F00F2A881 /* Debug */ = {
			isa = XCBuildConfiguration;
			buildSettings = {
				ALWAYS_EMBED_SWIFT_STANDARD_LIBRARIES = YES;
				BUNDLE_LOADER = "$(TEST_HOST)";
				CODE_SIGN_STYLE = Automatic;
				CURRENT_PROJECT_VERSION = 1;
				DEVELOPMENT_TEAM = SAZ5K2949S;
				GENERATE_INFOPLIST_FILE = YES;
				IPHONEOS_DEPLOYMENT_TARGET = 16.4;
				MARKETING_VERSION = 1.0;
				PRODUCT_BUNDLE_IDENTIFIER = com.ladtechnologies.SkyMoviesTests;
				PRODUCT_NAME = "$(TARGET_NAME)";
				SWIFT_EMIT_LOC_STRINGS = NO;
				SWIFT_VERSION = 5.0;
				TARGETED_DEVICE_FAMILY = "1,2";
				TEST_HOST = "$(BUILT_PRODUCTS_DIR)/SkyMovies.app/$(BUNDLE_EXECUTABLE_FOLDER_PATH)/SkyMovies";
			};
			name = Debug;
		};
		FC490AA22A1B819F00F2A881 /* Release */ = {
			isa = XCBuildConfiguration;
			buildSettings = {
				ALWAYS_EMBED_SWIFT_STANDARD_LIBRARIES = YES;
				BUNDLE_LOADER = "$(TEST_HOST)";
				CODE_SIGN_STYLE = Automatic;
				CURRENT_PROJECT_VERSION = 1;
				DEVELOPMENT_TEAM = SAZ5K2949S;
				GENERATE_INFOPLIST_FILE = YES;
				IPHONEOS_DEPLOYMENT_TARGET = 16.4;
				MARKETING_VERSION = 1.0;
				PRODUCT_BUNDLE_IDENTIFIER = com.ladtechnologies.SkyMoviesTests;
				PRODUCT_NAME = "$(TARGET_NAME)";
				SWIFT_EMIT_LOC_STRINGS = NO;
				SWIFT_VERSION = 5.0;
				TARGETED_DEVICE_FAMILY = "1,2";
				TEST_HOST = "$(BUILT_PRODUCTS_DIR)/SkyMovies.app/$(BUNDLE_EXECUTABLE_FOLDER_PATH)/SkyMovies";
			};
			name = Release;
		};
		FC490AA42A1B819F00F2A881 /* Debug */ = {
			isa = XCBuildConfiguration;
			buildSettings = {
				ALWAYS_EMBED_SWIFT_STANDARD_LIBRARIES = YES;
				CODE_SIGN_STYLE = Automatic;
				CURRENT_PROJECT_VERSION = 1;
				DEVELOPMENT_TEAM = SAZ5K2949S;
				GENERATE_INFOPLIST_FILE = YES;
				MARKETING_VERSION = 1.0;
				PRODUCT_BUNDLE_IDENTIFIER = com.ladtechnologies.SkyMoviesUITests;
				PRODUCT_NAME = "$(TARGET_NAME)";
				SWIFT_EMIT_LOC_STRINGS = NO;
				SWIFT_VERSION = 5.0;
				TARGETED_DEVICE_FAMILY = "1,2";
				TEST_TARGET_NAME = SkyMovies;
			};
			name = Debug;
		};
		FC490AA52A1B819F00F2A881 /* Release */ = {
			isa = XCBuildConfiguration;
			buildSettings = {
				ALWAYS_EMBED_SWIFT_STANDARD_LIBRARIES = YES;
				CODE_SIGN_STYLE = Automatic;
				CURRENT_PROJECT_VERSION = 1;
				DEVELOPMENT_TEAM = SAZ5K2949S;
				GENERATE_INFOPLIST_FILE = YES;
				MARKETING_VERSION = 1.0;
				PRODUCT_BUNDLE_IDENTIFIER = com.ladtechnologies.SkyMoviesUITests;
				PRODUCT_NAME = "$(TARGET_NAME)";
				SWIFT_EMIT_LOC_STRINGS = NO;
				SWIFT_VERSION = 5.0;
				TARGETED_DEVICE_FAMILY = "1,2";
				TEST_TARGET_NAME = SkyMovies;
			};
			name = Release;
		};
/* End XCBuildConfiguration section */

/* Begin XCConfigurationList section */
		FC490A742A1B819E00F2A881 /* Build configuration list for PBXProject "SkyMovies" */ = {
			isa = XCConfigurationList;
			buildConfigurations = (
				FC490A9B2A1B819F00F2A881 /* Debug */,
				FC490A9C2A1B819F00F2A881 /* Release */,
			);
			defaultConfigurationIsVisible = 0;
			defaultConfigurationName = Release;
		};
		FC490A9D2A1B819F00F2A881 /* Build configuration list for PBXNativeTarget "SkyMovies" */ = {
			isa = XCConfigurationList;
			buildConfigurations = (
				FC490A9E2A1B819F00F2A881 /* Debug */,
				FC490A9F2A1B819F00F2A881 /* Release */,
			);
			defaultConfigurationIsVisible = 0;
			defaultConfigurationName = Release;
		};
		FC490AA02A1B819F00F2A881 /* Build configuration list for PBXNativeTarget "SkyMoviesTests" */ = {
			isa = XCConfigurationList;
			buildConfigurations = (
				FC490AA12A1B819F00F2A881 /* Debug */,
				FC490AA22A1B819F00F2A881 /* Release */,
			);
			defaultConfigurationIsVisible = 0;
			defaultConfigurationName = Release;
		};
		FC490AA32A1B819F00F2A881 /* Build configuration list for PBXNativeTarget "SkyMoviesUITests" */ = {
			isa = XCConfigurationList;
			buildConfigurations = (
				FC490AA42A1B819F00F2A881 /* Debug */,
				FC490AA52A1B819F00F2A881 /* Release */,
			);
			defaultConfigurationIsVisible = 0;
			defaultConfigurationName = Release;
		};
/* End XCConfigurationList section */

/* Begin XCRemoteSwiftPackageReference section */
		FCDBF0912A23A7D6004CF893 /* XCRemoteSwiftPackageReference "SwiftLint" */ = {
			isa = XCRemoteSwiftPackageReference;
			repositoryURL = "https://github.com/realm/SwiftLint";
			requirement = {
				kind = upToNextMajorVersion;
				minimumVersion = 0.52.2;
			};
		};
/* End XCRemoteSwiftPackageReference section */

/* Begin XCSwiftPackageProductDependency section */
		FCDBF0922A23A833004CF893 /* SwiftLintPlugin */ = {
			isa = XCSwiftPackageProductDependency;
			package = FCDBF0912A23A7D6004CF893 /* XCRemoteSwiftPackageReference "SwiftLint" */;
			productName = "plugin:SwiftLintPlugin";
		};
/* End XCSwiftPackageProductDependency section */
	};
	rootObject = FC490A712A1B819E00F2A881 /* Project object */;
}
